// !$*UTF8*$!
{
	archiveVersion = 1;
	classes = {
	};
	objectVersion = 50;
	objects = {

/* Begin PBXBuildFile section */
		BF6C9C183141240524C61DEF /* Pods_AnimationApp.framework in Frameworks */ = {isa = PBXBuildFile; fileRef = B15EE2D4006DE8DC4B2FB992 /* Pods_AnimationApp.framework */; };
		F588BE3926A5768000714352 /* AppDelegate.swift in Sources */ = {isa = PBXBuildFile; fileRef = F588BE3826A5768000714352 /* AppDelegate.swift */; };
		F588BE3B26A5768000714352 /* SceneDelegate.swift in Sources */ = {isa = PBXBuildFile; fileRef = F588BE3A26A5768000714352 /* SceneDelegate.swift */; };
		F588BE3D26A5768000714352 /* ViewController.swift in Sources */ = {isa = PBXBuildFile; fileRef = F588BE3C26A5768000714352 /* ViewController.swift */; };
		F588BE4026A5768000714352 /* Main.storyboard in Resources */ = {isa = PBXBuildFile; fileRef = F588BE3E26A5768000714352 /* Main.storyboard */; };
		F588BE4226A5768400714352 /* Assets.xcassets in Resources */ = {isa = PBXBuildFile; fileRef = F588BE4126A5768400714352 /* Assets.xcassets */; };
		F588BE4526A5768400714352 /* LaunchScreen.storyboard in Resources */ = {isa = PBXBuildFile; fileRef = F588BE4326A5768400714352 /* LaunchScreen.storyboard */; };
		F588BE5526A6DCCD00714352 /* Extension UIbutton.swift in Sources */ = {isa = PBXBuildFile; fileRef = F588BE5426A6DCCD00714352 /* Extension UIbutton.swift */; };
/* End PBXBuildFile section */

/* Begin PBXFileReference section */
		75F8FE2C824A02E668CEC0E2 /* Pods-AnimationApp.debug.xcconfig */ = {isa = PBXFileReference; includeInIndex = 1; lastKnownFileType = text.xcconfig; name = "Pods-AnimationApp.debug.xcconfig"; path = "Target Support Files/Pods-AnimationApp/Pods-AnimationApp.debug.xcconfig"; sourceTree = "<group>"; };
		828C391D67E7F5868E542E3E /* Pods-AnimationApp.release.xcconfig */ = {isa = PBXFileReference; includeInIndex = 1; lastKnownFileType = text.xcconfig; name = "Pods-AnimationApp.release.xcconfig"; path = "Target Support Files/Pods-AnimationApp/Pods-AnimationApp.release.xcconfig"; sourceTree = "<group>"; };
		B15EE2D4006DE8DC4B2FB992 /* Pods_AnimationApp.framework */ = {isa = PBXFileReference; explicitFileType = wrapper.framework; includeInIndex = 0; path = Pods_AnimationApp.framework; sourceTree = BUILT_PRODUCTS_DIR; };
		F588BE3526A5767F00714352 /* AnimationApp.app */ = {isa = PBXFileReference; explicitFileType = wrapper.application; includeInIndex = 0; path = AnimationApp.app; sourceTree = BUILT_PRODUCTS_DIR; };
		F588BE3826A5768000714352 /* AppDelegate.swift */ = {isa = PBXFileReference; lastKnownFileType = sourcecode.swift; path = AppDelegate.swift; sourceTree = "<group>"; };
		F588BE3A26A5768000714352 /* SceneDelegate.swift */ = {isa = PBXFileReference; lastKnownFileType = sourcecode.swift; path = SceneDelegate.swift; sourceTree = "<group>"; };
		F588BE3C26A5768000714352 /* ViewController.swift */ = {isa = PBXFileReference; lastKnownFileType = sourcecode.swift; path = ViewController.swift; sourceTree = "<group>"; };
		F588BE3F26A5768000714352 /* Base */ = {isa = PBXFileReference; lastKnownFileType = file.storyboard; name = Base; path = Base.lproj/Main.storyboard; sourceTree = "<group>"; };
		F588BE4126A5768400714352 /* Assets.xcassets */ = {isa = PBXFileReference; lastKnownFileType = folder.assetcatalog; path = Assets.xcassets; sourceTree = "<group>"; };
		F588BE4426A5768400714352 /* Base */ = {isa = PBXFileReference; lastKnownFileType = file.storyboard; name = Base; path = Base.lproj/LaunchScreen.storyboard; sourceTree = "<group>"; };
		F588BE4626A5768400714352 /* Info.plist */ = {isa = PBXFileReference; lastKnownFileType = text.plist.xml; path = Info.plist; sourceTree = "<group>"; };
		F588BE5426A6DCCD00714352 /* Extension UIbutton.swift */ = {isa = PBXFileReference; lastKnownFileType = sourcecode.swift; path = "Extension UIbutton.swift"; sourceTree = "<group>"; };
/* End PBXFileReference section */

/* Begin PBXFrameworksBuildPhase section */
		F588BE3226A5767F00714352 /* Frameworks */ = {
			isa = PBXFrameworksBuildPhase;
			buildActionMask = 2147483647;
			files = (
				BF6C9C183141240524C61DEF /* Pods_AnimationApp.framework in Frameworks */,
			);
			runOnlyForDeploymentPostprocessing = 0;
		};
/* End PBXFrameworksBuildPhase section */

/* Begin PBXGroup section */
		2F0CDFDD3B2EA5844598DBFB /* Frameworks */ = {
			isa = PBXGroup;
			children = (
				B15EE2D4006DE8DC4B2FB992 /* Pods_AnimationApp.framework */,
			);
			name = Frameworks;
			sourceTree = "<group>";
		};
		3EE3A19CCE7202DF75167986 /* Pods */ = {
			isa = PBXGroup;
			children = (
				75F8FE2C824A02E668CEC0E2 /* Pods-AnimationApp.debug.xcconfig */,
				828C391D67E7F5868E542E3E /* Pods-AnimationApp.release.xcconfig */,
			);
			name = Pods;
			path = Pods;
			sourceTree = "<group>";
		};
		F588BE2C26A5767F00714352 = {
			isa = PBXGroup;
			children = (
				F588BE3726A5767F00714352 /* AnimationApp */,
				F588BE3626A5767F00714352 /* Products */,
				3EE3A19CCE7202DF75167986 /* Pods */,
				2F0CDFDD3B2EA5844598DBFB /* Frameworks */,
			);
			sourceTree = "<group>";
		};
		F588BE3626A5767F00714352 /* Products */ = {
			isa = PBXGroup;
			children = (
				F588BE3526A5767F00714352 /* AnimationApp.app */,
			);
			name = Products;
			sourceTree = "<group>";
		};
		F588BE3726A5767F00714352 /* AnimationApp */ = {
			isa = PBXGroup;
			children = (
				F588BE3826A5768000714352 /* AppDelegate.swift */,
				F588BE3A26A5768000714352 /* SceneDelegate.swift */,
				F588BE3C26A5768000714352 /* ViewController.swift */,
				F588BE3E26A5768000714352 /* Main.storyboard */,
				F588BE5426A6DCCD00714352 /* Extension UIbutton.swift */,
				F588BE4126A5768400714352 /* Assets.xcassets */,
				F588BE4326A5768400714352 /* LaunchScreen.storyboard */,
				F588BE4626A5768400714352 /* Info.plist */,
			);
			path = AnimationApp;
			sourceTree = "<group>";
		};
/* End PBXGroup section */

/* Begin PBXNativeTarget section */
		F588BE3426A5767F00714352 /* AnimationApp */ = {
			isa = PBXNativeTarget;
			buildConfigurationList = F588BE4926A5768400714352 /* Build configuration list for PBXNativeTarget "AnimationApp" */;
			buildPhases = (
				ED0DD2B0444004E639C01129 /* [CP] Check Pods Manifest.lock */,
				F588BE3126A5767F00714352 /* Sources */,
				F588BE3226A5767F00714352 /* Frameworks */,
				F588BE3326A5767F00714352 /* Resources */,
				917CE261E69AF01A019939DF /* [CP] Embed Pods Frameworks */,
			);
			buildRules = (
			);
			dependencies = (
			);
			name = AnimationApp;
			productName = AnimationApp;
			productReference = F588BE3526A5767F00714352 /* AnimationApp.app */;
			productType = "com.apple.product-type.application";
		};
/* End PBXNativeTarget section */

/* Begin PBXProject section */
		F588BE2D26A5767F00714352 /* Project object */ = {
			isa = PBXProject;
			attributes = {
				LastSwiftUpdateCheck = 1240;
				LastUpgradeCheck = 1240;
				TargetAttributes = {
					F588BE3426A5767F00714352 = {
						CreatedOnToolsVersion = 12.4;
					};
				};
			};
			buildConfigurationList = F588BE3026A5767F00714352 /* Build configuration list for PBXProject "AnimationApp" */;
			compatibilityVersion = "Xcode 9.3";
			developmentRegion = en;
			hasScannedForEncodings = 0;
			knownRegions = (
				en,
				Base,
			);
			mainGroup = F588BE2C26A5767F00714352;
			productRefGroup = F588BE3626A5767F00714352 /* Products */;
			projectDirPath = "";
			projectRoot = "";
			targets = (
				F588BE3426A5767F00714352 /* AnimationApp */,
			);
		};
/* End PBXProject section */

/* Begin PBXResourcesBuildPhase section */
		F588BE3326A5767F00714352 /* Resources */ = {
			isa = PBXResourcesBuildPhase;
			buildActionMask = 2147483647;
			files = (
				F588BE4526A5768400714352 /* LaunchScreen.storyboard in Resources */,
				F588BE4226A5768400714352 /* Assets.xcassets in Resources */,
				F588BE4026A5768000714352 /* Main.storyboard in Resources */,
			);
			runOnlyForDeploymentPostprocessing = 0;
		};
/* End PBXResourcesBuildPhase section */

/* Begin PBXShellScriptBuildPhase section */
		917CE261E69AF01A019939DF /* [CP] Embed Pods Frameworks */ = {
			isa = PBXShellScriptBuildPhase;
			buildActionMask = 2147483647;
			files = (
			);
			inputFileListPaths = (
				"${PODS_ROOT}/Target Support Files/Pods-AnimationApp/Pods-AnimationApp-frameworks-${CONFIGURATION}-input-files.xcfilelist",
			);
			name = "[CP] Embed Pods Frameworks";
			outputFileListPaths = (
				"${PODS_ROOT}/Target Support Files/Pods-AnimationApp/Pods-AnimationApp-frameworks-${CONFIGURATION}-output-files.xcfilelist",
			);
			runOnlyForDeploymentPostprocessing = 0;
			shellPath = /bin/sh;
			shellScript = "\"${PODS_ROOT}/Target Support Files/Pods-AnimationApp/Pods-AnimationApp-frameworks.sh\"\n";
			showEnvVarsInLog = 0;
		};
		ED0DD2B0444004E639C01129 /* [CP] Check Pods Manifest.lock */ = {
			isa = PBXShellScriptBuildPhase;
			buildActionMask = 2147483647;
			files = (
			);
			inputFileListPaths = (
			);
			inputPaths = (
				"${PODS_PODFILE_DIR_PATH}/Podfile.lock",
				"${PODS_ROOT}/Manifest.lock",
			);
			name = "[CP] Check Pods Manifest.lock";
			outputFileListPaths = (
			);
			outputPaths = (
				"$(DERIVED_FILE_DIR)/Pods-AnimationApp-checkManifestLockResult.txt",
			);
			runOnlyForDeploymentPostprocessing = 0;
			shellPath = /bin/sh;
			shellScript = "diff \"${PODS_PODFILE_DIR_PATH}/Podfile.lock\" \"${PODS_ROOT}/Manifest.lock\" > /dev/null\nif [ $? != 0 ] ; then\n    # print error to STDERR\n    echo \"error: The sandbox is not in sync with the Podfile.lock. Run 'pod install' or update your CocoaPods installation.\" >&2\n    exit 1\nfi\n# This output is used by Xcode 'outputs' to avoid re-running this script phase.\necho \"SUCCESS\" > \"${SCRIPT_OUTPUT_FILE_0}\"\n";
			showEnvVarsInLog = 0;
		};
/* End PBXShellScriptBuildPhase section */

/* Begin PBXSourcesBuildPhase section */
		F588BE3126A5767F00714352 /* Sources */ = {
			isa = PBXSourcesBuildPhase;
			buildActionMask = 2147483647;
			files = (
				F588BE3D26A5768000714352 /* ViewController.swift in Sources */,
				F588BE3926A5768000714352 /* AppDelegate.swift in Sources */,
				F588BE5526A6DCCD00714352 /* Extension UIbutton.swift in Sources */,
				F588BE3B26A5768000714352 /* SceneDelegate.swift in Sources */,
			);
			runOnlyForDeploymentPostprocessing = 0;
		};
/* End PBXSourcesBuildPhase section */

/* Begin PBXVariantGroup section */
		F588BE3E26A5768000714352 /* Main.storyboard */ = {
			isa = PBXVariantGroup;
			children = (
				F588BE3F26A5768000714352 /* Base */,
			);
			name = Main.storyboard;
			sourceTree = "<group>";
		};
		F588BE4326A5768400714352 /* LaunchScreen.storyboard */ = {
			isa = PBXVariantGroup;
			children = (
				F588BE4426A5768400714352 /* Base */,
			);
			name = LaunchScreen.storyboard;
			sourceTree = "<group>";
		};
/* End PBXVariantGroup section */

/* Begin XCBuildConfiguration section */
		F588BE4726A5768400714352 /* Debug */ = {
			isa = XCBuildConfiguration;
			buildSettings = {
				ALWAYS_SEARCH_USER_PATHS = NO;
				CLANG_ANALYZER_NONNULL = YES;
				CLANG_ANALYZER_NUMBER_OBJECT_CONVERSION = YES_AGGRESSIVE;
				CLANG_CXX_LANGUAGE_STANDARD = "gnu++14";
				CLANG_CXX_LIBRARY = "libc++";
				CLANG_ENABLE_MODULES = YES;
				CLANG_ENABLE_OBJC_ARC = YES;
				CLANG_ENABLE_OBJC_WEAK = YES;
				CLANG_WARN_BLOCK_CAPTURE_AUTORELEASING = YES;
				CLANG_WARN_BOOL_CONVERSION = YES;
				CLANG_WARN_COMMA = YES;
				CLANG_WARN_CONSTANT_CONVERSION = YES;
				CLANG_WARN_DEPRECATED_OBJC_IMPLEMENTATIONS = YES;
				CLANG_WARN_DIRECT_OBJC_ISA_USAGE = YES_ERROR;
				CLANG_WARN_DOCUMENTATION_COMMENTS = YES;
				CLANG_WARN_EMPTY_BODY = YES;
				CLANG_WARN_ENUM_CONVERSION = YES;
				CLANG_WARN_INFINITE_RECURSION = YES;
				CLANG_WARN_INT_CONVERSION = YES;
				CLANG_WARN_NON_LITERAL_NULL_CONVERSION = YES;
				CLANG_WARN_OBJC_IMPLICIT_RETAIN_SELF = YES;
				CLANG_WARN_OBJC_LITERAL_CONVERSION = YES;
				CLANG_WARN_OBJC_ROOT_CLASS = YES_ERROR;
				CLANG_WARN_QUOTED_INCLUDE_IN_FRAMEWORK_HEADER = YES;
				CLANG_WARN_RANGE_LOOP_ANALYSIS = YES;
				CLANG_WARN_STRICT_PROTOTYPES = YES;
				CLANG_WARN_SUSPICIOUS_MOVE = YES;
				CLANG_WARN_UNGUARDED_AVAILABILITY = YES_AGGRESSIVE;
				CLANG_WARN_UNREACHABLE_CODE = YES;
				CLANG_WARN__DUPLICATE_METHOD_MATCH = YES;
				COPY_PHASE_STRIP = NO;
				DEBUG_INFORMATION_FORMAT = dwarf;
				ENABLE_STRICT_OBJC_MSGSEND = YES;
				ENABLE_TESTABILITY = YES;
				GCC_C_LANGUAGE_STANDARD = gnu11;
				GCC_DYNAMIC_NO_PIC = NO;
				GCC_NO_COMMON_BLOCKS = YES;
				GCC_OPTIMIZATION_LEVEL = 0;
				GCC_PREPROCESSOR_DEFINITIONS = (
					"DEBUG=1",
					"$(inherited)",
				);
				GCC_WARN_64_TO_32_BIT_CONVERSION = YES;
				GCC_WARN_ABOUT_RETURN_TYPE = YES_ERROR;
				GCC_WARN_UNDECLARED_SELECTOR = YES;
				GCC_WARN_UNINITIALIZED_AUTOS = YES_AGGRESSIVE;
				GCC_WARN_UNUSED_FUNCTION = YES;
				GCC_WARN_UNUSED_VARIABLE = YES;
				IPHONEOS_DEPLOYMENT_TARGET = 14.4;
				MTL_ENABLE_DEBUG_INFO = INCLUDE_SOURCE;
				MTL_FAST_MATH = YES;
				ONLY_ACTIVE_ARCH = YES;
				SDKROOT = iphoneos;
				SWIFT_ACTIVE_COMPILATION_CONDITIONS = DEBUG;
				SWIFT_OPTIMIZATION_LEVEL = "-Onone";
			};
			name = Debug;
		};
		F588BE4826A5768400714352 /* Release */ = {
			isa = XCBuildConfiguration;
			buildSettings = {
				ALWAYS_SEARCH_USER_PATHS = NO;
				CLANG_ANALYZER_NONNULL = YES;
				CLANG_ANALYZER_NUMBER_OBJECT_CONVERSION = YES_AGGRESSIVE;
				CLANG_CXX_LANGUAGE_STANDARD = "gnu++14";
				CLANG_CXX_LIBRARY = "libc++";
				CLANG_ENABLE_MODULES = YES;
				CLANG_ENABLE_OBJC_ARC = YES;
				CLANG_ENABLE_OBJC_WEAK = YES;
				CLANG_WARN_BLOCK_CAPTURE_AUTORELEASING = YES;
				CLANG_WARN_BOOL_CONVERSION = YES;
				CLANG_WARN_COMMA = YES;
				CLANG_WARN_CONSTANT_CONVERSION = YES;
				CLANG_WARN_DEPRECATED_OBJC_IMPLEMENTATIONS = YES;
				CLANG_WARN_DIRECT_OBJC_ISA_USAGE = YES_ERROR;
				CLANG_WARN_DOCUMENTATION_COMMENTS = YES;
				CLANG_WARN_EMPTY_BODY = YES;
				CLANG_WARN_ENUM_CONVERSION = YES;
				CLANG_WARN_INFINITE_RECURSION = YES;
				CLANG_WARN_INT_CONVERSION = YES;
				CLANG_WARN_NON_LITERAL_NULL_CONVERSION = YES;
				CLANG_WARN_OBJC_IMPLICIT_RETAIN_SELF = YES;
				CLANG_WARN_OBJC_LITERAL_CONVERSION = YES;
				CLANG_WARN_OBJC_ROOT_CLASS = YES_ERROR;
				CLANG_WARN_QUOTED_INCLUDE_IN_FRAMEWORK_HEADER = YES;
				CLANG_WARN_RANGE_LOOP_ANALYSIS = YES;
				CLANG_WARN_STRICT_PROTOTYPES = YES;
				CLANG_WARN_SUSPICIOUS_MOVE = YES;
				CLANG_WARN_UNGUARDED_AVAILABILITY = YES_AGGRESSIVE;
				CLANG_WARN_UNREACHABLE_CODE = YES;
				CLANG_WARN__DUPLICATE_METHOD_MATCH = YES;
				COPY_PHASE_STRIP = NO;
				DEBUG_INFORMATION_FORMAT = "dwarf-with-dsym";
				ENABLE_NS_ASSERTIONS = NO;
				ENABLE_STRICT_OBJC_MSGSEND = YES;
				GCC_C_LANGUAGE_STANDARD = gnu11;
				GCC_NO_COMMON_BLOCKS = YES;
				GCC_WARN_64_TO_32_BIT_CONVERSION = YES;
				GCC_WARN_ABOUT_RETURN_TYPE = YES_ERROR;
				GCC_WARN_UNDECLARED_SELECTOR = YES;
				GCC_WARN_UNINITIALIZED_AUTOS = YES_AGGRESSIVE;
				GCC_WARN_UNUSED_FUNCTION = YES;
				GCC_WARN_UNUSED_VARIABLE = YES;
				IPHONEOS_DEPLOYMENT_TARGET = 14.4;
				MTL_ENABLE_DEBUG_INFO = NO;
				MTL_FAST_MATH = YES;
				SDKROOT = iphoneos;
				SWIFT_COMPILATION_MODE = wholemodule;
				SWIFT_OPTIMIZATION_LEVEL = "-O";
				VALIDATE_PRODUCT = YES;
			};
			name = Release;
		};
		F588BE4A26A5768400714352 /* Debug */ = {
			isa = XCBuildConfiguration;
			baseConfigurationReference = 75F8FE2C824A02E668CEC0E2 /* Pods-AnimationApp.debug.xcconfig */;
			buildSettings = {
				ASSETCATALOG_COMPILER_APPICON_NAME = AppIcon;
				ASSETCATALOG_COMPILER_GLOBAL_ACCENT_COLOR_NAME = AccentColor;
				CODE_SIGN_STYLE = Automatic;
				DEVELOPMENT_TEAM = 2MWMY8N7DT;
				INFOPLIST_FILE = AnimationApp/Info.plist;
				IPHONEOS_DEPLOYMENT_TARGET = 14.1;
				LD_RUNPATH_SEARCH_PATHS = (
					"$(inherited)",
					"@executable_path/Frameworks",
				);
				PRODUCT_BUNDLE_IDENTIFIER = com.vzinevich.AnimationApp;
				PRODUCT_NAME = "$(TARGET_NAME)";
				SWIFT_VERSION = 5.0;
				TARGETED_DEVICE_FAMILY = "1,2";
			};
			name = Debug;
		};
		F588BE4B26A5768400714352 /* Release */ = {
			isa = XCBuildConfiguration;
			baseConfigurationReference = 828C391D67E7F5868E542E3E /* Pods-AnimationApp.release.xcconfig */;
			buildSettings = {
				ASSETCATALOG_COMPILER_APPICON_NAME = AppIcon;
				ASSETCATALOG_COMPILER_GLOBAL_ACCENT_COLOR_NAME = AccentColor;
				CODE_SIGN_STYLE = Automatic;
				DEVELOPMENT_TEAM = 2MWMY8N7DT;
				INFOPLIST_FILE = AnimationApp/Info.plist;
				IPHONEOS_DEPLOYMENT_TARGET = 14.1;
				LD_RUNPATH_SEARCH_PATHS = (
					"$(inherited)",
					"@executable_path/Frameworks",
				);
				PRODUCT_BUNDLE_IDENTIFIER = com.vzinevich.AnimationApp;
				PRODUCT_NAME = "$(TARGET_NAME)";
				SWIFT_VERSION = 5.0;
				TARGETED_DEVICE_FAMILY = "1,2";
			};
			name = Release;
		};
/* End XCBuildConfiguration section */

/* Begin XCConfigurationList section */
		F588BE3026A5767F00714352 /* Build configuration list for PBXProject "AnimationApp" */ = {
			isa = XCConfigurationList;
			buildConfigurations = (
				F588BE4726A5768400714352 /* Debug */,
				F588BE4826A5768400714352 /* Release */,
			);
			defaultConfigurationIsVisible = 0;
			defaultConfigurationName = Release;
		};
		F588BE4926A5768400714352 /* Build configuration list for PBXNativeTarget "AnimationApp" */ = {
			isa = XCConfigurationList;
			buildConfigurations = (
				F588BE4A26A5768400714352 /* Debug */,
				F588BE4B26A5768400714352 /* Release */,
			);
			defaultConfigurationIsVisible = 0;
			defaultConfigurationName = Release;
		};
/* End XCConfigurationList section */
	};
	rootObject = F588BE2D26A5767F00714352 /* Project object */;
}
